
Microsoft Visual Studio Solution File, Format Version 12.00
# Visual Studio Version 16
VisualStudioVersion = 16.0.31613.86
MinimumVisualStudioVersion = 10.0.40219.1
Project("{8BC9CEB8-8B4A-11D0-8D11-00A0C91BC942}") = "RingBuffer", "RingBuffer\RingBuffer.vcxproj", "{FBD6C2CA-576D-49EF-8702-7262A03B1B08}"
EndProject
Global
	GlobalSection(SolutionConfigurationPlatforms) = preSolution
		Debug|x64 = Debug|x64
		Debug|x86 = Debug|x86
		Release|x64 = Release|x64
		Release|x86 = Release|x86
	EndGlobalSection
	GlobalSection(ProjectConfigurationPlatforms) = postSolution
		{FBD6C2CA-576D-49EF-8702-7262A03B1B08}.Debug|x64.ActiveCfg = Debug|x64
		{FBD6C2CA-576D-49EF-8702-7262A03B1B08}.Debug|x64.Build.0 = Debug|x64
		{FBD6C2CA-576D-49EF-8702-7262A03B1B08}.Debug|x86.ActiveCfg = Debug|Win32
		{FBD6C2CA-576D-49EF-8702-7262A03B1B08}.Debug|x86.Build.0 = Debug|Win32
		{FBD6C2CA-576D-49EF-8702-7262A03B1B08}.Release|x64.ActiveCfg = Release|x64
		{FBD6C2CA-576D-49EF-8702-7262A03B1B08}.Release|x64.Build.0 = Release|x64
		{FBD6C2CA-576D-49EF-8702-7262A03B1B08}.Release|x86.ActiveCfg = Release|Win32
		{FBD6C2CA-576D-49EF-8702-7262A03B1B08}.Release|x86.Build.0 = Release|Win32
	EndGlobalSection
	GlobalSection(SolutionProperties) = preSolution
		HideSolutionNode = FALSE
	EndGlobalSection
	GlobalSection(ExtensibilityGlobals) = postSolution
		SolutionGuid = {48401CC1-EAAA-4098-8454-728E4CF78666}
	EndGlobalSection
EndGlobal
