
Microsoft Visual Studio Solution File, Format Version 12.00
# Visual Studio Version 16
VisualStudioVersion = 16.0.32228.343
MinimumVisualStudioVersion = 10.0.40219.1
Project("{8BC9CEB8-8B4A-11D0-8D11-00A0C91BC942}") = "Binder", "Binder\Binder.vcxproj", "{DEDCDAE2-499D-4F35-A3C7-F50368576C0C}"
EndProject
Global
	GlobalSection(SolutionConfigurationPlatforms) = preSolution
		Debug|x64 = Debug|x64
		Debug|x86 = Debug|x86
		Release|x64 = Release|x64
		Release|x86 = Release|x86
	EndGlobalSection
	GlobalSection(ProjectConfigurationPlatforms) = postSolution
		{DEDCDAE2-499D-4F35-A3C7-F50368576C0C}.Debug|x64.ActiveCfg = Debug|x64
		{DEDCDAE2-499D-4F35-A3C7-F50368576C0C}.Debug|x64.Build.0 = Debug|x64
		{DEDCDAE2-499D-4F35-A3C7-F50368576C0C}.Debug|x86.ActiveCfg = Debug|Win32
		{DEDCDAE2-499D-4F35-A3C7-F50368576C0C}.Debug|x86.Build.0 = Debug|Win32
		{DEDCDAE2-499D-4F35-A3C7-F50368576C0C}.Release|x64.ActiveCfg = Release|x64
		{DEDCDAE2-499D-4F35-A3C7-F50368576C0C}.Release|x64.Build.0 = Release|x64
		{DEDCDAE2-499D-4F35-A3C7-F50368576C0C}.Release|x86.ActiveCfg = Release|Win32
		{DEDCDAE2-499D-4F35-A3C7-F50368576C0C}.Release|x86.Build.0 = Release|Win32
	EndGlobalSection
	GlobalSection(SolutionProperties) = preSolution
		HideSolutionNode = FALSE
	EndGlobalSection
	GlobalSection(ExtensibilityGlobals) = postSolution
		SolutionGuid = {02B62C3F-D8D5-424F-9509-766A0F5A255D}
	EndGlobalSection
EndGlobal
